// !$*UTF8*$!
{
	archiveVersion = 1;
	classes = {
	};
	objectVersion = 46;
	objects = {

/* Begin PBXBuildFile section */
		F692B5AD1DBBF15300F7FE95 /* AppDelegate.swift in Sources */ = {isa = PBXBuildFile; fileRef = F692B5AC1DBBF15300F7FE95 /* AppDelegate.swift */; };
		F692B5AF1DBBF15300F7FE95 /* ViewController.swift in Sources */ = {isa = PBXBuildFile; fileRef = F692B5AE1DBBF15300F7FE95 /* ViewController.swift */; };
		F692B5B21DBBF15300F7FE95 /* Main.storyboard in Resources */ = {isa = PBXBuildFile; fileRef = F692B5B01DBBF15300F7FE95 /* Main.storyboard */; };
		F692B5B41DBBF15300F7FE95 /* Assets.xcassets in Resources */ = {isa = PBXBuildFile; fileRef = F692B5B31DBBF15300F7FE95 /* Assets.xcassets */; };
		F692B5B71DBBF15300F7FE95 /* LaunchScreen.storyboard in Resources */ = {isa = PBXBuildFile; fileRef = F692B5B51DBBF15300F7FE95 /* LaunchScreen.storyboard */; };
		F692B5C21DBBF15300F7FE95 /* MemehubTests.swift in Sources */ = {isa = PBXBuildFile; fileRef = F692B5C11DBBF15300F7FE95 /* MemehubTests.swift */; };
		F692B5CD1DBBF15300F7FE95 /* MemehubUITests.swift in Sources */ = {isa = PBXBuildFile; fileRef = F692B5CC1DBBF15300F7FE95 /* MemehubUITests.swift */; };
/* End PBXBuildFile section */

/* Begin PBXContainerItemProxy section */
		F692B5BE1DBBF15300F7FE95 /* PBXContainerItemProxy */ = {
			isa = PBXContainerItemProxy;
			containerPortal = F692B5A11DBBF15300F7FE95 /* Project object */;
			proxyType = 1;
			remoteGlobalIDString = F692B5A81DBBF15300F7FE95;
			remoteInfo = Memehub;
		};
		F692B5C91DBBF15300F7FE95 /* PBXContainerItemProxy */ = {
			isa = PBXContainerItemProxy;
			containerPortal = F692B5A11DBBF15300F7FE95 /* Project object */;
			proxyType = 1;
			remoteGlobalIDString = F692B5A81DBBF15300F7FE95;
			remoteInfo = Memehub;
		};
/* End PBXContainerItemProxy section */

/* Begin PBXFileReference section */
		F692B5A91DBBF15300F7FE95 /* Memehub.app */ = {isa = PBXFileReference; explicitFileType = wrapper.application; includeInIndex = 0; path = Memehub.app; sourceTree = BUILT_PRODUCTS_DIR; };
		F692B5AC1DBBF15300F7FE95 /* AppDelegate.swift */ = {isa = PBXFileReference; lastKnownFileType = sourcecode.swift; path = AppDelegate.swift; sourceTree = "<group>"; };
		F692B5AE1DBBF15300F7FE95 /* ViewController.swift */ = {isa = PBXFileReference; lastKnownFileType = sourcecode.swift; path = ViewController.swift; sourceTree = "<group>"; };
		F692B5B11DBBF15300F7FE95 /* Base */ = {isa = PBXFileReference; lastKnownFileType = file.storyboard; name = Base; path = Base.lproj/Main.storyboard; sourceTree = "<group>"; };
		F692B5B31DBBF15300F7FE95 /* Assets.xcassets */ = {isa = PBXFileReference; lastKnownFileType = folder.assetcatalog; path = Assets.xcassets; sourceTree = "<group>"; };
		F692B5B61DBBF15300F7FE95 /* Base */ = {isa = PBXFileReference; lastKnownFileType = file.storyboard; name = Base; path = Base.lproj/LaunchScreen.storyboard; sourceTree = "<group>"; };
		F692B5B81DBBF15300F7FE95 /* Info.plist */ = {isa = PBXFileReference; lastKnownFileType = text.plist.xml; path = Info.plist; sourceTree = "<group>"; };
		F692B5BD1DBBF15300F7FE95 /* MemehubTests.xctest */ = {isa = PBXFileReference; explicitFileType = wrapper.cfbundle; includeInIndex = 0; path = MemehubTests.xctest; sourceTree = BUILT_PRODUCTS_DIR; };
		F692B5C11DBBF15300F7FE95 /* MemehubTests.swift */ = {isa = PBXFileReference; lastKnownFileType = sourcecode.swift; path = MemehubTests.swift; sourceTree = "<group>"; };
		F692B5C31DBBF15300F7FE95 /* Info.plist */ = {isa = PBXFileReference; lastKnownFileType = text.plist.xml; path = Info.plist; sourceTree = "<group>"; };
		F692B5C81DBBF15300F7FE95 /* MemehubUITests.xctest */ = {isa = PBXFileReference; explicitFileType = wrapper.cfbundle; includeInIndex = 0; path = MemehubUITests.xctest; sourceTree = BUILT_PRODUCTS_DIR; };
		F692B5CC1DBBF15300F7FE95 /* MemehubUITests.swift */ = {isa = PBXFileReference; lastKnownFileType = sourcecode.swift; path = MemehubUITests.swift; sourceTree = "<group>"; };
		F692B5CE1DBBF15300F7FE95 /* Info.plist */ = {isa = PBXFileReference; lastKnownFileType = text.plist.xml; path = Info.plist; sourceTree = "<group>"; };
/* End PBXFileReference section */

/* Begin PBXFrameworksBuildPhase section */
		F692B5A61DBBF15300F7FE95 /* Frameworks */ = {
			isa = PBXFrameworksBuildPhase;
			buildActionMask = 2147483647;
			files = (
			);
			runOnlyForDeploymentPostprocessing = 0;
		};
		F692B5BA1DBBF15300F7FE95 /* Frameworks */ = {
			isa = PBXFrameworksBuildPhase;
			buildActionMask = 2147483647;
			files = (
			);
			runOnlyForDeploymentPostprocessing = 0;
		};
		F692B5C51DBBF15300F7FE95 /* Frameworks */ = {
			isa = PBXFrameworksBuildPhase;
			buildActionMask = 2147483647;
			files = (
			);
			runOnlyForDeploymentPostprocessing = 0;
		};
/* End PBXFrameworksBuildPhase section */

/* Begin PBXGroup section */
		F692B5A01DBBF15300F7FE95 = {
			isa = PBXGroup;
			children = (
				F692B5AB1DBBF15300F7FE95 /* Memehub */,
				F692B5C01DBBF15300F7FE95 /* MemehubTests */,
				F692B5CB1DBBF15300F7FE95 /* MemehubUITests */,
				F692B5AA1DBBF15300F7FE95 /* Products */,
			);
			sourceTree = "<group>";
		};
		F692B5AA1DBBF15300F7FE95 /* Products */ = {
			isa = PBXGroup;
			children = (
				F692B5A91DBBF15300F7FE95 /* Memehub.app */,
				F692B5BD1DBBF15300F7FE95 /* MemehubTests.xctest */,
				F692B5C81DBBF15300F7FE95 /* MemehubUITests.xctest */,
			);
			name = Products;
			sourceTree = "<group>";
		};
		F692B5AB1DBBF15300F7FE95 /* Memehub */ = {
			isa = PBXGroup;
			children = (
				F692B5AC1DBBF15300F7FE95 /* AppDelegate.swift */,
				F692B5AE1DBBF15300F7FE95 /* ViewController.swift */,
				F692B5B01DBBF15300F7FE95 /* Main.storyboard */,
				F692B5B31DBBF15300F7FE95 /* Assets.xcassets */,
				F692B5B51DBBF15300F7FE95 /* LaunchScreen.storyboard */,
				F692B5B81DBBF15300F7FE95 /* Info.plist */,
			);
			path = Memehub;
			sourceTree = "<group>";
		};
		F692B5C01DBBF15300F7FE95 /* MemehubTests */ = {
			isa = PBXGroup;
			children = (
				F692B5C11DBBF15300F7FE95 /* MemehubTests.swift */,
				F692B5C31DBBF15300F7FE95 /* Info.plist */,
			);
			path = MemehubTests;
			sourceTree = "<group>";
		};
		F692B5CB1DBBF15300F7FE95 /* MemehubUITests */ = {
			isa = PBXGroup;
			children = (
				F692B5CC1DBBF15300F7FE95 /* MemehubUITests.swift */,
				F692B5CE1DBBF15300F7FE95 /* Info.plist */,
			);
			path = MemehubUITests;
			sourceTree = "<group>";
		};
/* End PBXGroup section */

/* Begin PBXNativeTarget section */
		F692B5A81DBBF15300F7FE95 /* Memehub */ = {
			isa = PBXNativeTarget;
			buildConfigurationList = F692B5D11DBBF15300F7FE95 /* Build configuration list for PBXNativeTarget "Memehub" */;
			buildPhases = (
				F692B5A51DBBF15300F7FE95 /* Sources */,
				F692B5A61DBBF15300F7FE95 /* Frameworks */,
				F692B5A71DBBF15300F7FE95 /* Resources */,
			);
			buildRules = (
			);
			dependencies = (
			);
			name = Memehub;
			productName = Memehub;
			productReference = F692B5A91DBBF15300F7FE95 /* Memehub.app */;
			productType = "com.apple.product-type.application";
		};
		F692B5BC1DBBF15300F7FE95 /* MemehubTests */ = {
			isa = PBXNativeTarget;
			buildConfigurationList = F692B5D41DBBF15300F7FE95 /* Build configuration list for PBXNativeTarget "MemehubTests" */;
			buildPhases = (
				F692B5B91DBBF15300F7FE95 /* Sources */,
				F692B5BA1DBBF15300F7FE95 /* Frameworks */,
				F692B5BB1DBBF15300F7FE95 /* Resources */,
			);
			buildRules = (
			);
			dependencies = (
				F692B5BF1DBBF15300F7FE95 /* PBXTargetDependency */,
			);
			name = MemehubTests;
			productName = MemehubTests;
			productReference = F692B5BD1DBBF15300F7FE95 /* MemehubTests.xctest */;
			productType = "com.apple.product-type.bundle.unit-test";
		};
		F692B5C71DBBF15300F7FE95 /* MemehubUITests */ = {
			isa = PBXNativeTarget;
			buildConfigurationList = F692B5D71DBBF15300F7FE95 /* Build configuration list for PBXNativeTarget "MemehubUITests" */;
			buildPhases = (
				F692B5C41DBBF15300F7FE95 /* Sources */,
				F692B5C51DBBF15300F7FE95 /* Frameworks */,
				F692B5C61DBBF15300F7FE95 /* Resources */,
			);
			buildRules = (
			);
			dependencies = (
				F692B5CA1DBBF15300F7FE95 /* PBXTargetDependency */,
			);
			name = MemehubUITests;
			productName = MemehubUITests;
			productReference = F692B5C81DBBF15300F7FE95 /* MemehubUITests.xctest */;
			productType = "com.apple.product-type.bundle.ui-testing";
		};
/* End PBXNativeTarget section */

/* Begin PBXProject section */
		F692B5A11DBBF15300F7FE95 /* Project object */ = {
			isa = PBXProject;
			attributes = {
				LastSwiftUpdateCheck = 0800;
				LastUpgradeCheck = 0800;
				ORGANIZATIONNAME = "Shahrez Jan";
				TargetAttributes = {
					F692B5A81DBBF15300F7FE95 = {
						CreatedOnToolsVersion = 8.0;
						DevelopmentTeam = 56PHWUGM56;
						ProvisioningStyle = Automatic;
					};
					F692B5BC1DBBF15300F7FE95 = {
						CreatedOnToolsVersion = 8.0;
						DevelopmentTeam = 56PHWUGM56;
						ProvisioningStyle = Automatic;
						TestTargetID = F692B5A81DBBF15300F7FE95;
					};
					F692B5C71DBBF15300F7FE95 = {
						CreatedOnToolsVersion = 8.0;
						DevelopmentTeam = 56PHWUGM56;
						ProvisioningStyle = Automatic;
						TestTargetID = F692B5A81DBBF15300F7FE95;
					};
				};
			};
			buildConfigurationList = F692B5A41DBBF15300F7FE95 /* Build configuration list for PBXProject "Memehub" */;
			compatibilityVersion = "Xcode 3.2";
			developmentRegion = English;
			hasScannedForEncodings = 0;
			knownRegions = (
				en,
				Base,
			);
			mainGroup = F692B5A01DBBF15300F7FE95;
			productRefGroup = F692B5AA1DBBF15300F7FE95 /* Products */;
			projectDirPath = "";
			projectRoot = "";
			targets = (
				F692B5A81DBBF15300F7FE95 /* Memehub */,
				F692B5BC1DBBF15300F7FE95 /* MemehubTests */,
				F692B5C71DBBF15300F7FE95 /* MemehubUITests */,
			);
		};
/* End PBXProject section */

/* Begin PBXResourcesBuildPhase section */
		F692B5A71DBBF15300F7FE95 /* Resources */ = {
			isa = PBXResourcesBuildPhase;
			buildActionMask = 2147483647;
			files = (
				F692B5B71DBBF15300F7FE95 /* LaunchScreen.storyboard in Resources */,
				F692B5B41DBBF15300F7FE95 /* Assets.xcassets in Resources */,
				F692B5B21DBBF15300F7FE95 /* Main.storyboard in Resources */,
			);
			runOnlyForDeploymentPostprocessing = 0;
		};
		F692B5BB1DBBF15300F7FE95 /* Resources */ = {
			isa = PBXResourcesBuildPhase;
			buildActionMask = 2147483647;
			files = (
			);
			runOnlyForDeploymentPostprocessing = 0;
		};
		F692B5C61DBBF15300F7FE95 /* Resources */ = {
			isa = PBXResourcesBuildPhase;
			buildActionMask = 2147483647;
			files = (
			);
			runOnlyForDeploymentPostprocessing = 0;
		};
/* End PBXResourcesBuildPhase section */

/* Begin PBXSourcesBuildPhase section */
		F692B5A51DBBF15300F7FE95 /* Sources */ = {
			isa = PBXSourcesBuildPhase;
			buildActionMask = 2147483647;
			files = (
				F692B5AF1DBBF15300F7FE95 /* ViewController.swift in Sources */,
				F692B5AD1DBBF15300F7FE95 /* AppDelegate.swift in Sources */,
			);
			runOnlyForDeploymentPostprocessing = 0;
		};
		F692B5B91DBBF15300F7FE95 /* Sources */ = {
			isa = PBXSourcesBuildPhase;
			buildActionMask = 2147483647;
			files = (
				F692B5C21DBBF15300F7FE95 /* MemehubTests.swift in Sources */,
			);
			runOnlyForDeploymentPostprocessing = 0;
		};
		F692B5C41DBBF15300F7FE95 /* Sources */ = {
			isa = PBXSourcesBuildPhase;
			buildActionMask = 2147483647;
			files = (
				F692B5CD1DBBF15300F7FE95 /* MemehubUITests.swift in Sources */,
			);
			runOnlyForDeploymentPostprocessing = 0;
		};
/* End PBXSourcesBuildPhase section */

/* Begin PBXTargetDependency section */
		F692B5BF1DBBF15300F7FE95 /* PBXTargetDependency */ = {
			isa = PBXTargetDependency;
			target = F692B5A81DBBF15300F7FE95 /* Memehub */;
			targetProxy = F692B5BE1DBBF15300F7FE95 /* PBXContainerItemProxy */;
		};
		F692B5CA1DBBF15300F7FE95 /* PBXTargetDependency */ = {
			isa = PBXTargetDependency;
			target = F692B5A81DBBF15300F7FE95 /* Memehub */;
			targetProxy = F692B5C91DBBF15300F7FE95 /* PBXContainerItemProxy */;
		};
/* End PBXTargetDependency section */

/* Begin PBXVariantGroup section */
		F692B5B01DBBF15300F7FE95 /* Main.storyboard */ = {
			isa = PBXVariantGroup;
			children = (
				F692B5B11DBBF15300F7FE95 /* Base */,
			);
			name = Main.storyboard;
			sourceTree = "<group>";
		};
		F692B5B51DBBF15300F7FE95 /* LaunchScreen.storyboard */ = {
			isa = PBXVariantGroup;
			children = (
				F692B5B61DBBF15300F7FE95 /* Base */,
			);
			name = LaunchScreen.storyboard;
			sourceTree = "<group>";
		};
/* End PBXVariantGroup section */

/* Begin XCBuildConfiguration section */
		F692B5CF1DBBF15300F7FE95 /* Debug */ = {
			isa = XCBuildConfiguration;
			buildSettings = {
				ALWAYS_SEARCH_USER_PATHS = NO;
				CLANG_ANALYZER_NONNULL = YES;
				CLANG_CXX_LANGUAGE_STANDARD = "gnu++0x";
				CLANG_CXX_LIBRARY = "libc++";
				CLANG_ENABLE_MODULES = YES;
				CLANG_ENABLE_OBJC_ARC = YES;
				CLANG_WARN_BOOL_CONVERSION = YES;
				CLANG_WARN_CONSTANT_CONVERSION = YES;
				CLANG_WARN_DIRECT_OBJC_ISA_USAGE = YES_ERROR;
				CLANG_WARN_DOCUMENTATION_COMMENTS = YES;
				CLANG_WARN_EMPTY_BODY = YES;
				CLANG_WARN_ENUM_CONVERSION = YES;
				CLANG_WARN_INFINITE_RECURSION = YES;
				CLANG_WARN_INT_CONVERSION = YES;
				CLANG_WARN_OBJC_ROOT_CLASS = YES_ERROR;
				CLANG_WARN_SUSPICIOUS_MOVES = YES;
				CLANG_WARN_UNREACHABLE_CODE = YES;
				CLANG_WARN__DUPLICATE_METHOD_MATCH = YES;
				"CODE_SIGN_IDENTITY[sdk=iphoneos*]" = "iPhone Developer";
				COPY_PHASE_STRIP = NO;
				DEBUG_INFORMATION_FORMAT = dwarf;
				ENABLE_STRICT_OBJC_MSGSEND = YES;
				ENABLE_TESTABILITY = YES;
				GCC_C_LANGUAGE_STANDARD = gnu99;
				GCC_DYNAMIC_NO_PIC = NO;
				GCC_NO_COMMON_BLOCKS = YES;
				GCC_OPTIMIZATION_LEVEL = 0;
				GCC_PREPROCESSOR_DEFINITIONS = (
					"DEBUG=1",
					"$(inherited)",
				);
				GCC_WARN_64_TO_32_BIT_CONVERSION = YES;
				GCC_WARN_ABOUT_RETURN_TYPE = YES_ERROR;
				GCC_WARN_UNDECLARED_SELECTOR = YES;
				GCC_WARN_UNINITIALIZED_AUTOS = YES_AGGRESSIVE;
				GCC_WARN_UNUSED_FUNCTION = YES;
				GCC_WARN_UNUSED_VARIABLE = YES;
				IPHONEOS_DEPLOYMENT_TARGET = 10.0;
				MTL_ENABLE_DEBUG_INFO = YES;
				ONLY_ACTIVE_ARCH = YES;
				SDKROOT = iphoneos;
				SWIFT_ACTIVE_COMPILATION_CONDITIONS = DEBUG;
				SWIFT_OPTIMIZATION_LEVEL = "-Onone";
				TARGETED_DEVICE_FAMILY = "1,2";
			};
			name = Debug;
		};
		F692B5D01DBBF15300F7FE95 /* Release */ = {
			isa = XCBuildConfiguration;
			buildSettings = {
				ALWAYS_SEARCH_USER_PATHS = NO;
				CLANG_ANALYZER_NONNULL = YES;
				CLANG_CXX_LANGUAGE_STANDARD = "gnu++0x";
				CLANG_CXX_LIBRARY = "libc++";
				CLANG_ENABLE_MODULES = YES;
				CLANG_ENABLE_OBJC_ARC = YES;
				CLANG_WARN_BOOL_CONVERSION = YES;
				CLANG_WARN_CONSTANT_CONVERSION = YES;
				CLANG_WARN_DIRECT_OBJC_ISA_USAGE = YES_ERROR;
				CLANG_WARN_DOCUMENTATION_COMMENTS = YES;
				CLANG_WARN_EMPTY_BODY = YES;
				CLANG_WARN_ENUM_CONVERSION = YES;
				CLANG_WARN_INFINITE_RECURSION = YES;
				CLANG_WARN_INT_CONVERSION = YES;
				CLANG_WARN_OBJC_ROOT_CLASS = YES_ERROR;
				CLANG_WARN_SUSPICIOUS_MOVES = YES;
				CLANG_WARN_UNREACHABLE_CODE = YES;
				CLANG_WARN__DUPLICATE_METHOD_MATCH = YES;
				"CODE_SIGN_IDENTITY[sdk=iphoneos*]" = "iPhone Developer";
				COPY_PHASE_STRIP = NO;
				DEBUG_INFORMATION_FORMAT = "dwarf-with-dsym";
				ENABLE_NS_ASSERTIONS = NO;
				ENABLE_STRICT_OBJC_MSGSEND = YES;
				GCC_C_LANGUAGE_STANDARD = gnu99;
				GCC_NO_COMMON_BLOCKS = YES;
				GCC_WARN_64_TO_32_BIT_CONVERSION = YES;
				GCC_WARN_ABOUT_RETURN_TYPE = YES_ERROR;
				GCC_WARN_UNDECLARED_SELECTOR = YES;
				GCC_WARN_UNINITIALIZED_AUTOS = YES_AGGRESSIVE;
				GCC_WARN_UNUSED_FUNCTION = YES;
				GCC_WARN_UNUSED_VARIABLE = YES;
				IPHONEOS_DEPLOYMENT_TARGET = 10.0;
				MTL_ENABLE_DEBUG_INFO = NO;
				SDKROOT = iphoneos;
				SWIFT_OPTIMIZATION_LEVEL = "-Owholemodule";
				TARGETED_DEVICE_FAMILY = "1,2";
				VALIDATE_PRODUCT = YES;
			};
			name = Release;
		};
		F692B5D21DBBF15300F7FE95 /* Debug */ = {
			isa = XCBuildConfiguration;
			buildSettings = {
				ASSETCATALOG_COMPILER_APPICON_NAME = AppIcon;
				DEVELOPMENT_TEAM = 56PHWUGM56;
				INFOPLIST_FILE = Memehub/Info.plist;
				IPHONEOS_DEPLOYMENT_TARGET = 9.3;
				LD_RUNPATH_SEARCH_PATHS = "$(inherited) @executable_path/Frameworks";
				PRODUCT_BUNDLE_IDENTIFIER = maCaroniSalad.Memehub;
				PRODUCT_NAME = "$(TARGET_NAME)";
				SWIFT_VERSION = 3.0;
			};
			name = Debug;
		};
		F692B5D31DBBF15300F7FE95 /* Release */ = {
			isa = XCBuildConfiguration;
			buildSettings = {
				ASSETCATALOG_COMPILER_APPICON_NAME = AppIcon;
				DEVELOPMENT_TEAM = 56PHWUGM56;
				INFOPLIST_FILE = Memehub/Info.plist;
				IPHONEOS_DEPLOYMENT_TARGET = 9.3;
				LD_RUNPATH_SEARCH_PATHS = "$(inherited) @executable_path/Frameworks";
				PRODUCT_BUNDLE_IDENTIFIER = maCaroniSalad.Memehub;
				PRODUCT_NAME = "$(TARGET_NAME)";
				SWIFT_VERSION = 3.0;
			};
			name = Release;
		};
		F692B5D51DBBF15300F7FE95 /* Debug */ = {
			isa = XCBuildConfiguration;
			buildSettings = {
				ALWAYS_EMBED_SWIFT_STANDARD_LIBRARIES = YES;
				BUNDLE_LOADER = "$(TEST_HOST)";
				DEVELOPMENT_TEAM = 56PHWUGM56;
				INFOPLIST_FILE = MemehubTests/Info.plist;
				LD_RUNPATH_SEARCH_PATHS = "$(inherited) @executable_path/Frameworks @loader_path/Frameworks";
				PRODUCT_BUNDLE_IDENTIFIER = maCaroniSalad.MemehubTests;
				PRODUCT_NAME = "$(TARGET_NAME)";
				SWIFT_VERSION = 3.0;
				TEST_HOST = "$(BUILT_PRODUCTS_DIR)/Memehub.app/Memehub";
			};
			name = Debug;
		};
		F692B5D61DBBF15300F7FE95 /* Release */ = {
			isa = XCBuildConfiguration;
			buildSettings = {
				ALWAYS_EMBED_SWIFT_STANDARD_LIBRARIES = YES;
				BUNDLE_LOADER = "$(TEST_HOST)";
				DEVELOPMENT_TEAM = 56PHWUGM56;
				INFOPLIST_FILE = MemehubTests/Info.plist;
				LD_RUNPATH_SEARCH_PATHS = "$(inherited) @executable_path/Frameworks @loader_path/Frameworks";
				PRODUCT_BUNDLE_IDENTIFIER = maCaroniSalad.MemehubTests;
				PRODUCT_NAME = "$(TARGET_NAME)";
				SWIFT_VERSION = 3.0;
				TEST_HOST = "$(BUILT_PRODUCTS_DIR)/Memehub.app/Memehub";
			};
			name = Release;
		};
		F692B5D81DBBF15300F7FE95 /* Debug */ = {
			isa = XCBuildConfiguration;
			buildSettings = {
				ALWAYS_EMBED_SWIFT_STANDARD_LIBRARIES = YES;
				DEVELOPMENT_TEAM = 56PHWUGM56;
				INFOPLIST_FILE = MemehubUITests/Info.plist;
				LD_RUNPATH_SEARCH_PATHS = "$(inherited) @executable_path/Frameworks @loader_path/Frameworks";
				PRODUCT_BUNDLE_IDENTIFIER = maCaroniSalad.MemehubUITests;
				PRODUCT_NAME = "$(TARGET_NAME)";
				SWIFT_VERSION = 3.0;
				TEST_TARGET_NAME = Memehub;
			};
			name = Debug;
		};
		F692B5D91DBBF15300F7FE95 /* Release */ = {
			isa = XCBuildConfiguration;
			buildSettings = {
				ALWAYS_EMBED_SWIFT_STANDARD_LIBRARIES = YES;
				DEVELOPMENT_TEAM = 56PHWUGM56;
				INFOPLIST_FILE = MemehubUITests/Info.plist;
				LD_RUNPATH_SEARCH_PATHS = "$(inherited) @executable_path/Frameworks @loader_path/Frameworks";
				PRODUCT_BUNDLE_IDENTIFIER = maCaroniSalad.MemehubUITests;
				PRODUCT_NAME = "$(TARGET_NAME)";
				SWIFT_VERSION = 3.0;
				TEST_TARGET_NAME = Memehub;
			};
			name = Release;
		};
/* End XCBuildConfiguration section */

/* Begin XCConfigurationList section */
		F692B5A41DBBF15300F7FE95 /* Build configuration list for PBXProject "Memehub" */ = {
			isa = XCConfigurationList;
			buildConfigurations = (
				F692B5CF1DBBF15300F7FE95 /* Debug */,
				F692B5D01DBBF15300F7FE95 /* Release */,
			);
			defaultConfigurationIsVisible = 0;
			defaultConfigurationName = Release;
		};
		F692B5D11DBBF15300F7FE95 /* Build configuration list for PBXNativeTarget "Memehub" */ = {
			isa = XCConfigurationList;
			buildConfigurations = (
				F692B5D21DBBF15300F7FE95 /* Debug */,
				F692B5D31DBBF15300F7FE95 /* Release */,
			);
			defaultConfigurationIsVisible = 0;
		};
		F692B5D41DBBF15300F7FE95 /* Build configuration list for PBXNativeTarget "MemehubTests" */ = {
			isa = XCConfigurationList;
			buildConfigurations = (
				F692B5D51DBBF15300F7FE95 /* Debug */,
				F692B5D61DBBF15300F7FE95 /* Release */,
			);
			defaultConfigurationIsVisible = 0;
		};
		F692B5D71DBBF15300F7FE95 /* Build configuration list for PBXNativeTarget "MemehubUITests" */ = {
			isa = XCConfigurationList;
			buildConfigurations = (
				F692B5D81DBBF15300F7FE95 /* Debug */,
				F692B5D91DBBF15300F7FE95 /* Release */,
			);
			defaultConfigurationIsVisible = 0;
		};
/* End XCConfigurationList section */
	};
	rootObject = F692B5A11DBBF15300F7FE95 /* Project object */;
}
